
Microsoft Visual Studio Solution File, Format Version 12.00
# Visual Studio Version 16
VisualStudioVersion = 16.0.28606.126
MinimumVisualStudioVersion = 10.0.40219.1
Project("{2150E333-8FDC-42A3-9474-1A3956D46DE8}") = "M02", "M02", "{03A3D6D9-717F-4F15-ADAF-68FE6183B00E}"
EndProject
Project("{888888A0-9F3D-457C-B088-3A5042F75D52}") = "Ch02_Ex06", "Ch02_Ex06\Ch02_Ex06.pyproj", "{75321F05-CEB0-4870-8DE0-10EB24B0A05B}"
EndProject
Project("{888888A0-9F3D-457C-B088-3A5042F75D52}") = "Ch02_Ex10", "Ch02_Ex10\Ch02_Ex10.pyproj", "{34F79068-9021-4137-B0CE-DC72D8FDBC3A}"
EndProject
Project("{888888A0-9F3D-457C-B088-3A5042F75D52}") = "Ch02_Ex14", "Ch02_Ex14\Ch02_Ex14.pyproj", "{A3DA6B99-8340-4DFA-BABC-7241070D3698}"
EndProject
Project("{2150E333-8FDC-42A3-9474-1A3956D46DE8}") = "M03", "M03", "{048C95F1-DAD8-4560-B21E-DF6F0685638D}"
EndProject
Project("{2150E333-8FDC-42A3-9474-1A3956D46DE8}") = "M05", "M05", "{C8CDB56B-02BD-4ACC-81D5-E2E3A64C766A}"
EndProject
Project("{2150E333-8FDC-42A3-9474-1A3956D46DE8}") = "M06", "M06", "{B10796C9-6A57-4EBC-927B-1D908ABBE9A4}"
EndProject
Project("{888888A0-9F3D-457C-B088-3A5042F75D52}") = "Ch03_Ex12", "Ch03_Ex12\Ch03_Ex12.pyproj", "{6BC25621-B605-4FC9-A8D7-173CBD5D225A}"
EndProject
Project("{888888A0-9F3D-457C-B088-3A5042F75D52}") = "Ch03_Ex16", "Ch03_Ex16\Ch03_Ex16.pyproj", "{9FD194A3-FFD8-47D8-8C0E-8A1C248DEB53}"
EndProject
Project("{888888A0-9F3D-457C-B088-3A5042F75D52}") = "Ch03_Ex17", "Ch03_Ex17\Ch03_Ex17.pyproj", "{8CE0F00E-3BC9-4197-B09B-58F0F296DFCF}"
EndProject
Project("{888888A0-9F3D-457C-B088-3A5042F75D52}") = "Ch05_Ex02", "Ch05_Ex02\Ch05_Ex02.pyproj", "{5380BD30-8C12-4077-B851-8067E447FA22}"
EndProject
Project("{888888A0-9F3D-457C-B088-3A5042F75D52}") = "Ch05_Ex12", "Ch05_Ex12\Ch05_Ex12.pyproj", "{8D201720-932C-448C-8A9C-339250E6D40C}"
EndProject
Project("{888888A0-9F3D-457C-B088-3A5042F75D52}") = "Ch05_Ex17", "Ch05_Ex17\Ch05_Ex17.pyproj", "{802B1A01-6265-4D09-8C18-CC5F216EC33D}"
EndProject
Project("{888888A0-9F3D-457C-B088-3A5042F75D52}") = "Ch05_Ex21", "Ch05_Ex21\Ch05_Ex21.pyproj", "{2948AE74-C8F8-4287-85D3-F958687506DC}"
EndProject
Project("{888888A0-9F3D-457C-B088-3A5042F75D52}") = "Ch06_Ex06_Ex09", "Ch06_Ex06_Ex09\Ch06_Ex06_Ex09.pyproj", "{50962778-29FA-4570-85EE-93FDE49B9631}"
EndProject
Project("{888888A0-9F3D-457C-B088-3A5042F75D52}") = "Ch06_Ex07_Ex08", "Ch06_Ex07_Ex08\Ch06_Ex07_Ex08.pyproj", "{AF96DB1A-E16D-45A6-A654-39A956F13396}"
EndProject
Project("{888888A0-9F3D-457C-B088-3A5042F75D52}") = "Ch06_Ex12", "Ch06_Ex12\Ch06_Ex12.pyproj", "{B2F6232C-6E3C-4DB4-84A5-BD083C950C39}"
EndProject
Project("{2150E333-8FDC-42A3-9474-1A3956D46DE8}") = "M04", "M04", "{1DD3096F-59DD-42FB-ABB0-756D8114C2F1}"
EndProject
Project("{888888A0-9F3D-457C-B088-3A5042F75D52}") = "Ch04_Ex07", "Ch04_Ex07\Ch04_Ex07.pyproj", "{7C284F91-CB35-4EFB-BFCA-047EE64E00F9}"
EndProject
Project("{888888A0-9F3D-457C-B088-3A5042F75D52}") = "Ch04_Ex12", "Ch04_Ex12\Ch04_Ex12.pyproj", "{D6BEAD2B-494D-404C-8B32-9E5255FEFBC5}"
EndProject
Project("{888888A0-9F3D-457C-B088-3A5042F75D52}") = "Ch04_Ex14", "Ch04_Ex14\Ch04_Ex14.pyproj", "{6EA82B77-954E-43FD-8901-8F48BB67F52F}"
EndProject
Project("{888888A0-9F3D-457C-B088-3A5042F75D52}") = "Ch06_Ex11", "Ch06_Ex11\Ch06_Ex11.pyproj", "{C99B4D24-CB6E-45DB-9063-E6B22AAFB09D}"
EndProject
Global
	GlobalSection(SolutionConfigurationPlatforms) = preSolution
		Debug|Any CPU = Debug|Any CPU
		Release|Any CPU = Release|Any CPU
	EndGlobalSection
	GlobalSection(ProjectConfigurationPlatforms) = postSolution
		{75321F05-CEB0-4870-8DE0-10EB24B0A05B}.Debug|Any CPU.ActiveCfg = Debug|Any CPU
		{75321F05-CEB0-4870-8DE0-10EB24B0A05B}.Release|Any CPU.ActiveCfg = Release|Any CPU
		{34F79068-9021-4137-B0CE-DC72D8FDBC3A}.Debug|Any CPU.ActiveCfg = Debug|Any CPU
		{34F79068-9021-4137-B0CE-DC72D8FDBC3A}.Release|Any CPU.ActiveCfg = Release|Any CPU
		{A3DA6B99-8340-4DFA-BABC-7241070D3698}.Debug|Any CPU.ActiveCfg = Debug|Any CPU
		{A3DA6B99-8340-4DFA-BABC-7241070D3698}.Release|Any CPU.ActiveCfg = Release|Any CPU
		{6BC25621-B605-4FC9-A8D7-173CBD5D225A}.Debug|Any CPU.ActiveCfg = Debug|Any CPU
		{6BC25621-B605-4FC9-A8D7-173CBD5D225A}.Release|Any CPU.ActiveCfg = Release|Any CPU
		{9FD194A3-FFD8-47D8-8C0E-8A1C248DEB53}.Debug|Any CPU.ActiveCfg = Debug|Any CPU
		{9FD194A3-FFD8-47D8-8C0E-8A1C248DEB53}.Release|Any CPU.ActiveCfg = Release|Any CPU
		{8CE0F00E-3BC9-4197-B09B-58F0F296DFCF}.Debug|Any CPU.ActiveCfg = Debug|Any CPU
		{8CE0F00E-3BC9-4197-B09B-58F0F296DFCF}.Release|Any CPU.ActiveCfg = Release|Any CPU
		{5380BD30-8C12-4077-B851-8067E447FA22}.Debug|Any CPU.ActiveCfg = Debug|Any CPU
		{5380BD30-8C12-4077-B851-8067E447FA22}.Release|Any CPU.ActiveCfg = Release|Any CPU
		{8D201720-932C-448C-8A9C-339250E6D40C}.Debug|Any CPU.ActiveCfg = Debug|Any CPU
		{8D201720-932C-448C-8A9C-339250E6D40C}.Release|Any CPU.ActiveCfg = Release|Any CPU
		{802B1A01-6265-4D09-8C18-CC5F216EC33D}.Debug|Any CPU.ActiveCfg = Debug|Any CPU
		{802B1A01-6265-4D09-8C18-CC5F216EC33D}.Release|Any CPU.ActiveCfg = Release|Any CPU
		{2948AE74-C8F8-4287-85D3-F958687506DC}.Debug|Any CPU.ActiveCfg = Debug|Any CPU
		{2948AE74-C8F8-4287-85D3-F958687506DC}.Release|Any CPU.ActiveCfg = Release|Any CPU
		{50962778-29FA-4570-85EE-93FDE49B9631}.Debug|Any CPU.ActiveCfg = Debug|Any CPU
		{50962778-29FA-4570-85EE-93FDE49B9631}.Release|Any CPU.ActiveCfg = Release|Any CPU
		{AF96DB1A-E16D-45A6-A654-39A956F13396}.Debug|Any CPU.ActiveCfg = Debug|Any CPU
		{AF96DB1A-E16D-45A6-A654-39A956F13396}.Release|Any CPU.ActiveCfg = Release|Any CPU
		{B2F6232C-6E3C-4DB4-84A5-BD083C950C39}.Debug|Any CPU.ActiveCfg = Debug|Any CPU
		{B2F6232C-6E3C-4DB4-84A5-BD083C950C39}.Release|Any CPU.ActiveCfg = Release|Any CPU
		{7C284F91-CB35-4EFB-BFCA-047EE64E00F9}.Debug|Any CPU.ActiveCfg = Debug|Any CPU
		{7C284F91-CB35-4EFB-BFCA-047EE64E00F9}.Release|Any CPU.ActiveCfg = Release|Any CPU
		{D6BEAD2B-494D-404C-8B32-9E5255FEFBC5}.Debug|Any CPU.ActiveCfg = Debug|Any CPU
		{D6BEAD2B-494D-404C-8B32-9E5255FEFBC5}.Release|Any CPU.ActiveCfg = Release|Any CPU
		{6EA82B77-954E-43FD-8901-8F48BB67F52F}.Debug|Any CPU.ActiveCfg = Debug|Any CPU
		{6EA82B77-954E-43FD-8901-8F48BB67F52F}.Release|Any CPU.ActiveCfg = Release|Any CPU
		{C99B4D24-CB6E-45DB-9063-E6B22AAFB09D}.Debug|Any CPU.ActiveCfg = Debug|Any CPU
		{C99B4D24-CB6E-45DB-9063-E6B22AAFB09D}.Release|Any CPU.ActiveCfg = Release|Any CPU
	EndGlobalSection
	GlobalSection(SolutionProperties) = preSolution
		HideSolutionNode = FALSE
	EndGlobalSection
	GlobalSection(NestedProjects) = preSolution
		{75321F05-CEB0-4870-8DE0-10EB24B0A05B} = {03A3D6D9-717F-4F15-ADAF-68FE6183B00E}
		{34F79068-9021-4137-B0CE-DC72D8FDBC3A} = {03A3D6D9-717F-4F15-ADAF-68FE6183B00E}
		{A3DA6B99-8340-4DFA-BABC-7241070D3698} = {03A3D6D9-717F-4F15-ADAF-68FE6183B00E}
		{6BC25621-B605-4FC9-A8D7-173CBD5D225A} = {048C95F1-DAD8-4560-B21E-DF6F0685638D}
		{9FD194A3-FFD8-47D8-8C0E-8A1C248DEB53} = {048C95F1-DAD8-4560-B21E-DF6F0685638D}
		{8CE0F00E-3BC9-4197-B09B-58F0F296DFCF} = {048C95F1-DAD8-4560-B21E-DF6F0685638D}
		{5380BD30-8C12-4077-B851-8067E447FA22} = {C8CDB56B-02BD-4ACC-81D5-E2E3A64C766A}
		{8D201720-932C-448C-8A9C-339250E6D40C} = {C8CDB56B-02BD-4ACC-81D5-E2E3A64C766A}
		{802B1A01-6265-4D09-8C18-CC5F216EC33D} = {C8CDB56B-02BD-4ACC-81D5-E2E3A64C766A}
		{2948AE74-C8F8-4287-85D3-F958687506DC} = {C8CDB56B-02BD-4ACC-81D5-E2E3A64C766A}
		{50962778-29FA-4570-85EE-93FDE49B9631} = {B10796C9-6A57-4EBC-927B-1D908ABBE9A4}
		{AF96DB1A-E16D-45A6-A654-39A956F13396} = {B10796C9-6A57-4EBC-927B-1D908ABBE9A4}
		{B2F6232C-6E3C-4DB4-84A5-BD083C950C39} = {B10796C9-6A57-4EBC-927B-1D908ABBE9A4}
		{7C284F91-CB35-4EFB-BFCA-047EE64E00F9} = {1DD3096F-59DD-42FB-ABB0-756D8114C2F1}
		{D6BEAD2B-494D-404C-8B32-9E5255FEFBC5} = {1DD3096F-59DD-42FB-ABB0-756D8114C2F1}
		{6EA82B77-954E-43FD-8901-8F48BB67F52F} = {1DD3096F-59DD-42FB-ABB0-756D8114C2F1}
		{C99B4D24-CB6E-45DB-9063-E6B22AAFB09D} = {B10796C9-6A57-4EBC-927B-1D908ABBE9A4}
	EndGlobalSection
	GlobalSection(ExtensibilityGlobals) = postSolution
		SolutionGuid = {387AE7E1-3FEA-4013-B5D7-EAE559DF8C6F}
	EndGlobalSection
EndGlobal
